
Microsoft Visual Studio Solution File, Format Version 12.00
# Visual Studio 15
VisualStudioVersion = 15.0.27004.2009
MinimumVisualStudioVersion = 10.0.40219.1
Project("{FAE04EC0-301F-11D3-BF4B-00C04F79EFBC}") = "SQLConTest", "SQLConTest\SQLConTest.csproj", "{713AC44F-8A2C-4413-839D-8753296EA7EE}"
EndProject
Global
	GlobalSection(SolutionConfigurationPlatforms) = preSolution
		Debug|Any CPU = Debug|Any CPU
		Release|Any CPU = Release|Any CPU
	EndGlobalSection
	GlobalSection(ProjectConfigurationPlatforms) = postSolution
		{713AC44F-8A2C-4413-839D-8753296EA7EE}.Debug|Any CPU.ActiveCfg = Debug|Any CPU
		{713AC44F-8A2C-4413-839D-8753296EA7EE}.Debug|Any CPU.Build.0 = Debug|Any CPU
		{713AC44F-8A2C-4413-839D-8753296EA7EE}.Release|Any CPU.ActiveCfg = Release|Any CPU
		{713AC44F-8A2C-4413-839D-8753296EA7EE}.Release|Any CPU.Build.0 = Release|Any CPU
	EndGlobalSection
	GlobalSection(SolutionProperties) = preSolution
		HideSolutionNode = FALSE
	EndGlobalSection
	GlobalSection(ExtensibilityGlobals) = postSolution
		SolutionGuid = {9E1BBC7B-0D33-428F-9FFF-3A2FB601A3CC}
	EndGlobalSection
EndGlobal
